// !$*UTF8*$!
{
	archiveVersion = 1;
	classes = {
	};
	objectVersion = 50;
	objects = {

/* Begin PBXBuildFile section */
		B714273722B6C17C0017BAD7 /* AppDelegate.swift in Sources */ = {isa = PBXBuildFile; fileRef = B714273622B6C17C0017BAD7 /* AppDelegate.swift */; };
		B714273E22B6C17E0017BAD7 /* Assets.xcassets in Resources */ = {isa = PBXBuildFile; fileRef = B714273D22B6C17E0017BAD7 /* Assets.xcassets */; };
		B714274122B6C17E0017BAD7 /* LaunchScreen.storyboard in Resources */ = {isa = PBXBuildFile; fileRef = B714273F22B6C17E0017BAD7 /* LaunchScreen.storyboard */; };
		B714274C22B6C17E0017BAD7 /* GitHubTests.swift in Sources */ = {isa = PBXBuildFile; fileRef = B714274B22B6C17E0017BAD7 /* GitHubTests.swift */; };
		B714275722B6C17E0017BAD7 /* GitHubUITests.swift in Sources */ = {isa = PBXBuildFile; fileRef = B714275622B6C17E0017BAD7 /* GitHubUITests.swift */; };
		B714276A22B6C5370017BAD7 /* Info-dev.plist in Resources */ = {isa = PBXBuildFile; fileRef = B714276922B6C5370017BAD7 /* Info-dev.plist */; };
		B714276C22B6C5DC0017BAD7 /* SplashViewController.swift in Sources */ = {isa = PBXBuildFile; fileRef = B714276B22B6C5DC0017BAD7 /* SplashViewController.swift */; };
		B714276F22B6C5F40017BAD7 /* Splash.storyboard in Resources */ = {isa = PBXBuildFile; fileRef = B714276E22B6C5F40017BAD7 /* Splash.storyboard */; };
		B714277122B6C69E0017BAD7 /* PKHUD+GitHub.swift in Sources */ = {isa = PBXBuildFile; fileRef = B714277022B6C69E0017BAD7 /* PKHUD+GitHub.swift */; };
		B714277322B6C6C60017BAD7 /* UIVew+GitHub.swift in Sources */ = {isa = PBXBuildFile; fileRef = B714277222B6C6C60017BAD7 /* UIVew+GitHub.swift */; };
		B714278A22B6D0140017BAD7 /* PKHUD.framework in Frameworks */ = {isa = PBXBuildFile; fileRef = B714277622B6D0140017BAD7 /* PKHUD.framework */; };
		B714278B22B6D0140017BAD7 /* ActiveLabel.framework in Frameworks */ = {isa = PBXBuildFile; fileRef = B714277722B6D0140017BAD7 /* ActiveLabel.framework */; };
		B714278C22B6D0140017BAD7 /* Moya.framework in Frameworks */ = {isa = PBXBuildFile; fileRef = B714277822B6D0140017BAD7 /* Moya.framework */; };
		B714278D22B6D0140017BAD7 /* ReactiveSwift.framework in Frameworks */ = {isa = PBXBuildFile; fileRef = B714277922B6D0140017BAD7 /* ReactiveSwift.framework */; };
		B714278E22B6D0140017BAD7 /* RxCocoa.framework in Frameworks */ = {isa = PBXBuildFile; fileRef = B714277A22B6D0140017BAD7 /* RxCocoa.framework */; };
		B714279022B6D0140017BAD7 /* Nuke.framework in Frameworks */ = {isa = PBXBuildFile; fileRef = B714277C22B6D0140017BAD7 /* Nuke.framework */; };
		B714279122B6D0140017BAD7 /* Alamofire.framework in Frameworks */ = {isa = PBXBuildFile; fileRef = B714277D22B6D0140017BAD7 /* Alamofire.framework */; };
		B714279222B6D0140017BAD7 /* SnapKit.framework in Frameworks */ = {isa = PBXBuildFile; fileRef = B714277E22B6D0140017BAD7 /* SnapKit.framework */; };
		B714279322B6D0140017BAD7 /* ReactiveMoya.framework in Frameworks */ = {isa = PBXBuildFile; fileRef = B714277F22B6D0140017BAD7 /* ReactiveMoya.framework */; };
		B714279522B6D0140017BAD7 /* Rswift.framework in Frameworks */ = {isa = PBXBuildFile; fileRef = B714278122B6D0140017BAD7 /* Rswift.framework */; };
		B714279622B6D0140017BAD7 /* KeychainAccess.framework in Frameworks */ = {isa = PBXBuildFile; fileRef = B714278222B6D0140017BAD7 /* KeychainAccess.framework */; };
		B714279722B6D0140017BAD7 /* SwiftyUserDefaults.framework in Frameworks */ = {isa = PBXBuildFile; fileRef = B714278322B6D0140017BAD7 /* SwiftyUserDefaults.framework */; };
		B714279822B6D0140017BAD7 /* RxAtomic.framework in Frameworks */ = {isa = PBXBuildFile; fileRef = B714278422B6D0140017BAD7 /* RxAtomic.framework */; };
		B714279922B6D0140017BAD7 /* RxSwift.framework in Frameworks */ = {isa = PBXBuildFile; fileRef = B714278522B6D0140017BAD7 /* RxSwift.framework */; };
		B714279A22B6D0140017BAD7 /* Device.framework in Frameworks */ = {isa = PBXBuildFile; fileRef = B714278622B6D0140017BAD7 /* Device.framework */; };
		B714279B22B6D0150017BAD7 /* Result.framework in Frameworks */ = {isa = PBXBuildFile; fileRef = B714278722B6D0140017BAD7 /* Result.framework */; };
		B714279C22B6D0150017BAD7 /* RxMoya.framework in Frameworks */ = {isa = PBXBuildFile; fileRef = B714278822B6D0140017BAD7 /* RxMoya.framework */; };
		B714279D22B6D0150017BAD7 /* NSObject_Rx.framework in Frameworks */ = {isa = PBXBuildFile; fileRef = B714278922B6D0140017BAD7 /* NSObject_Rx.framework */; };
		B71427A322B6D1640017BAD7 /* TabBarController.swift in Sources */ = {isa = PBXBuildFile; fileRef = B71427A222B6D1640017BAD7 /* TabBarController.swift */; };
		B71427A522B6D1700017BAD7 /* TabBar.storyboard in Resources */ = {isa = PBXBuildFile; fileRef = B71427A422B6D1700017BAD7 /* TabBar.storyboard */; };
		B71427A822B6D4EE0017BAD7 /* Profile.storyboard in Resources */ = {isa = PBXBuildFile; fileRef = B71427A722B6D4EE0017BAD7 /* Profile.storyboard */; };
		B71427AA22B6D4FA0017BAD7 /* ProfileViewController.swift in Sources */ = {isa = PBXBuildFile; fileRef = B71427A922B6D4FA0017BAD7 /* ProfileViewController.swift */; };
		B71427AC22B6D5080017BAD7 /* ProfileViewModel.swift in Sources */ = {isa = PBXBuildFile; fileRef = B71427AB22B6D5080017BAD7 /* ProfileViewModel.swift */; };
		B71427AE22B6D50E0017BAD7 /* ProfileModel.swift in Sources */ = {isa = PBXBuildFile; fileRef = B71427AD22B6D50E0017BAD7 /* ProfileModel.swift */; };
		B71427B122B6D67C0017BAD7 /* IconViiewew.swift in Sources */ = {isa = PBXBuildFile; fileRef = B71427B022B6D67C0017BAD7 /* IconViiewew.swift */; };
		B71427B322B6D6F90017BAD7 /* Color.xcassets in Resources */ = {isa = PBXBuildFile; fileRef = B71427B222B6D6F90017BAD7 /* Color.xcassets */; };
		B71427B622B6E04D0017BAD7 /* FollowersViewController.swift in Sources */ = {isa = PBXBuildFile; fileRef = B71427B522B6E04D0017BAD7 /* FollowersViewController.swift */; };
		B71427B822B6E0640017BAD7 /* Followers.storyboard in Resources */ = {isa = PBXBuildFile; fileRef = B71427B722B6E0640017BAD7 /* Followers.storyboard */; };
		B71427BB22B6E1270017BAD7 /* Following.storyboard in Resources */ = {isa = PBXBuildFile; fileRef = B71427BA22B6E1270017BAD7 /* Following.storyboard */; };
		B71427BD22B6E1360017BAD7 /* FollowingViewController.swift in Sources */ = {isa = PBXBuildFile; fileRef = B71427BC22B6E1360017BAD7 /* FollowingViewController.swift */; };
		B71427C122B6FDCE0017BAD7 /* BasicListTableViewCell.swift in Sources */ = {isa = PBXBuildFile; fileRef = B71427C022B6FDCE0017BAD7 /* BasicListTableViewCell.swift */; };
		B71427C422B6FE3E0017BAD7 /* BasicListTableViewCell.xib in Resources */ = {isa = PBXBuildFile; fileRef = B71427C322B6FE3E0017BAD7 /* BasicListTableViewCell.xib */; };
/* End PBXBuildFile section */

/* Begin PBXContainerItemProxy section */
		B714274822B6C17E0017BAD7 /* PBXContainerItemProxy */ = {
			isa = PBXContainerItemProxy;
			containerPortal = B714272B22B6C17C0017BAD7 /* Project object */;
			proxyType = 1;
			remoteGlobalIDString = B714273222B6C17C0017BAD7;
			remoteInfo = GitHub;
		};
		B714275322B6C17E0017BAD7 /* PBXContainerItemProxy */ = {
			isa = PBXContainerItemProxy;
			containerPortal = B714272B22B6C17C0017BAD7 /* Project object */;
			proxyType = 1;
			remoteGlobalIDString = B714273222B6C17C0017BAD7;
			remoteInfo = GitHub;
		};
/* End PBXContainerItemProxy section */

/* Begin PBXFileReference section */
		B714273322B6C17C0017BAD7 /* GitHub-dev.app */ = {isa = PBXFileReference; explicitFileType = wrapper.application; includeInIndex = 0; path = "GitHub-dev.app"; sourceTree = BUILT_PRODUCTS_DIR; };
		B714273622B6C17C0017BAD7 /* AppDelegate.swift */ = {isa = PBXFileReference; lastKnownFileType = sourcecode.swift; path = AppDelegate.swift; sourceTree = "<group>"; };
		B714273D22B6C17E0017BAD7 /* Assets.xcassets */ = {isa = PBXFileReference; lastKnownFileType = folder.assetcatalog; path = Assets.xcassets; sourceTree = "<group>"; };
		B714274022B6C17E0017BAD7 /* Base */ = {isa = PBXFileReference; lastKnownFileType = file.storyboard; name = Base; path = Base.lproj/LaunchScreen.storyboard; sourceTree = "<group>"; };
		B714274222B6C17E0017BAD7 /* Info.plist */ = {isa = PBXFileReference; lastKnownFileType = text.plist.xml; path = Info.plist; sourceTree = "<group>"; };
		B714274722B6C17E0017BAD7 /* GitHubTests.xctest */ = {isa = PBXFileReference; explicitFileType = wrapper.cfbundle; includeInIndex = 0; path = GitHubTests.xctest; sourceTree = BUILT_PRODUCTS_DIR; };
		B714274B22B6C17E0017BAD7 /* GitHubTests.swift */ = {isa = PBXFileReference; lastKnownFileType = sourcecode.swift; path = GitHubTests.swift; sourceTree = "<group>"; };
		B714274D22B6C17E0017BAD7 /* Info.plist */ = {isa = PBXFileReference; lastKnownFileType = text.plist.xml; path = Info.plist; sourceTree = "<group>"; };
		B714275222B6C17E0017BAD7 /* GitHubUITests.xctest */ = {isa = PBXFileReference; explicitFileType = wrapper.cfbundle; includeInIndex = 0; path = GitHubUITests.xctest; sourceTree = BUILT_PRODUCTS_DIR; };
		B714275622B6C17E0017BAD7 /* GitHubUITests.swift */ = {isa = PBXFileReference; lastKnownFileType = sourcecode.swift; path = GitHubUITests.swift; sourceTree = "<group>"; };
		B714275822B6C17E0017BAD7 /* Info.plist */ = {isa = PBXFileReference; lastKnownFileType = text.plist.xml; path = Info.plist; sourceTree = "<group>"; };
		B714276922B6C5370017BAD7 /* Info-dev.plist */ = {isa = PBXFileReference; lastKnownFileType = text.plist.xml; path = "Info-dev.plist"; sourceTree = "<group>"; };
		B714276B22B6C5DC0017BAD7 /* SplashViewController.swift */ = {isa = PBXFileReference; lastKnownFileType = sourcecode.swift; path = SplashViewController.swift; sourceTree = "<group>"; };
		B714276E22B6C5F40017BAD7 /* Splash.storyboard */ = {isa = PBXFileReference; lastKnownFileType = file.storyboard; path = Splash.storyboard; sourceTree = "<group>"; };
		B714277022B6C69E0017BAD7 /* PKHUD+GitHub.swift */ = {isa = PBXFileReference; lastKnownFileType = sourcecode.swift; path = "PKHUD+GitHub.swift"; sourceTree = "<group>"; };
		B714277222B6C6C60017BAD7 /* UIVew+GitHub.swift */ = {isa = PBXFileReference; lastKnownFileType = sourcecode.swift; path = "UIVew+GitHub.swift"; sourceTree = "<group>"; };
		B714277622B6D0140017BAD7 /* PKHUD.framework */ = {isa = PBXFileReference; lastKnownFileType = wrapper.framework; name = PKHUD.framework; path = Carthage/Build/iOS/PKHUD.framework; sourceTree = "<group>"; };
		B714277722B6D0140017BAD7 /* ActiveLabel.framework */ = {isa = PBXFileReference; lastKnownFileType = wrapper.framework; name = ActiveLabel.framework; path = Carthage/Build/iOS/ActiveLabel.framework; sourceTree = "<group>"; };
		B714277822B6D0140017BAD7 /* Moya.framework */ = {isa = PBXFileReference; lastKnownFileType = wrapper.framework; name = Moya.framework; path = Carthage/Build/iOS/Moya.framework; sourceTree = "<group>"; };
		B714277922B6D0140017BAD7 /* ReactiveSwift.framework */ = {isa = PBXFileReference; lastKnownFileType = wrapper.framework; name = ReactiveSwift.framework; path = Carthage/Build/iOS/ReactiveSwift.framework; sourceTree = "<group>"; };
		B714277A22B6D0140017BAD7 /* RxCocoa.framework */ = {isa = PBXFileReference; lastKnownFileType = wrapper.framework; name = RxCocoa.framework; path = Carthage/Build/iOS/RxCocoa.framework; sourceTree = "<group>"; };
		B714277B22B6D0140017BAD7 /* RxTest.framework */ = {isa = PBXFileReference; lastKnownFileType = wrapper.framework; name = RxTest.framework; path = Carthage/Build/iOS/RxTest.framework; sourceTree = "<group>"; };
		B714277C22B6D0140017BAD7 /* Nuke.framework */ = {isa = PBXFileReference; lastKnownFileType = wrapper.framework; name = Nuke.framework; path = Carthage/Build/iOS/Nuke.framework; sourceTree = "<group>"; };
		B714277D22B6D0140017BAD7 /* Alamofire.framework */ = {isa = PBXFileReference; lastKnownFileType = wrapper.framework; name = Alamofire.framework; path = Carthage/Build/iOS/Alamofire.framework; sourceTree = "<group>"; };
		B714277E22B6D0140017BAD7 /* SnapKit.framework */ = {isa = PBXFileReference; lastKnownFileType = wrapper.framework; name = SnapKit.framework; path = Carthage/Build/iOS/SnapKit.framework; sourceTree = "<group>"; };
		B714277F22B6D0140017BAD7 /* ReactiveMoya.framework */ = {isa = PBXFileReference; lastKnownFileType = wrapper.framework; name = ReactiveMoya.framework; path = Carthage/Build/iOS/ReactiveMoya.framework; sourceTree = "<group>"; };
		B714278022B6D0140017BAD7 /* RxBlocking.framework */ = {isa = PBXFileReference; lastKnownFileType = wrapper.framework; name = RxBlocking.framework; path = Carthage/Build/iOS/RxBlocking.framework; sourceTree = "<group>"; };
		B714278122B6D0140017BAD7 /* Rswift.framework */ = {isa = PBXFileReference; lastKnownFileType = wrapper.framework; name = Rswift.framework; path = Carthage/Build/iOS/Rswift.framework; sourceTree = "<group>"; };
		B714278222B6D0140017BAD7 /* KeychainAccess.framework */ = {isa = PBXFileReference; lastKnownFileType = wrapper.framework; name = KeychainAccess.framework; path = Carthage/Build/iOS/KeychainAccess.framework; sourceTree = "<group>"; };
		B714278322B6D0140017BAD7 /* SwiftyUserDefaults.framework */ = {isa = PBXFileReference; lastKnownFileType = wrapper.framework; name = SwiftyUserDefaults.framework; path = Carthage/Build/iOS/SwiftyUserDefaults.framework; sourceTree = "<group>"; };
		B714278422B6D0140017BAD7 /* RxAtomic.framework */ = {isa = PBXFileReference; lastKnownFileType = wrapper.framework; name = RxAtomic.framework; path = Carthage/Build/iOS/RxAtomic.framework; sourceTree = "<group>"; };
		B714278522B6D0140017BAD7 /* RxSwift.framework */ = {isa = PBXFileReference; lastKnownFileType = wrapper.framework; name = RxSwift.framework; path = Carthage/Build/iOS/RxSwift.framework; sourceTree = "<group>"; };
		B714278622B6D0140017BAD7 /* Device.framework */ = {isa = PBXFileReference; lastKnownFileType = wrapper.framework; name = Device.framework; path = Carthage/Build/iOS/Device.framework; sourceTree = "<group>"; };
		B714278722B6D0140017BAD7 /* Result.framework */ = {isa = PBXFileReference; lastKnownFileType = wrapper.framework; name = Result.framework; path = Carthage/Build/iOS/Result.framework; sourceTree = "<group>"; };
		B714278822B6D0140017BAD7 /* RxMoya.framework */ = {isa = PBXFileReference; lastKnownFileType = wrapper.framework; name = RxMoya.framework; path = Carthage/Build/iOS/RxMoya.framework; sourceTree = "<group>"; };
		B714278922B6D0140017BAD7 /* NSObject_Rx.framework */ = {isa = PBXFileReference; lastKnownFileType = wrapper.framework; name = NSObject_Rx.framework; path = Carthage/Build/iOS/NSObject_Rx.framework; sourceTree = "<group>"; };
		B71427A222B6D1640017BAD7 /* TabBarController.swift */ = {isa = PBXFileReference; lastKnownFileType = sourcecode.swift; path = TabBarController.swift; sourceTree = "<group>"; };
		B71427A422B6D1700017BAD7 /* TabBar.storyboard */ = {isa = PBXFileReference; lastKnownFileType = file.storyboard; path = TabBar.storyboard; sourceTree = "<group>"; };
		B71427A722B6D4EE0017BAD7 /* Profile.storyboard */ = {isa = PBXFileReference; lastKnownFileType = file.storyboard; path = Profile.storyboard; sourceTree = "<group>"; };
		B71427A922B6D4FA0017BAD7 /* ProfileViewController.swift */ = {isa = PBXFileReference; lastKnownFileType = sourcecode.swift; path = ProfileViewController.swift; sourceTree = "<group>"; };
		B71427AB22B6D5080017BAD7 /* ProfileViewModel.swift */ = {isa = PBXFileReference; lastKnownFileType = sourcecode.swift; path = ProfileViewModel.swift; sourceTree = "<group>"; };
		B71427AD22B6D50E0017BAD7 /* ProfileModel.swift */ = {isa = PBXFileReference; lastKnownFileType = sourcecode.swift; path = ProfileModel.swift; sourceTree = "<group>"; };
		B71427B022B6D67C0017BAD7 /* IconViiewew.swift */ = {isa = PBXFileReference; lastKnownFileType = sourcecode.swift; path = IconViiewew.swift; sourceTree = "<group>"; };
		B71427B222B6D6F90017BAD7 /* Color.xcassets */ = {isa = PBXFileReference; lastKnownFileType = folder.assetcatalog; path = Color.xcassets; sourceTree = "<group>"; };
		B71427B522B6E04D0017BAD7 /* FollowersViewController.swift */ = {isa = PBXFileReference; lastKnownFileType = sourcecode.swift; path = FollowersViewController.swift; sourceTree = "<group>"; };
		B71427B722B6E0640017BAD7 /* Followers.storyboard */ = {isa = PBXFileReference; lastKnownFileType = file.storyboard; path = Followers.storyboard; sourceTree = "<group>"; };
		B71427BA22B6E1270017BAD7 /* Following.storyboard */ = {isa = PBXFileReference; lastKnownFileType = file.storyboard; path = Following.storyboard; sourceTree = "<group>"; };
		B71427BC22B6E1360017BAD7 /* FollowingViewController.swift */ = {isa = PBXFileReference; lastKnownFileType = sourcecode.swift; path = FollowingViewController.swift; sourceTree = "<group>"; };
		B71427C022B6FDCE0017BAD7 /* BasicListTableViewCell.swift */ = {isa = PBXFileReference; lastKnownFileType = sourcecode.swift; path = BasicListTableViewCell.swift; sourceTree = "<group>"; };
		B71427C322B6FE3E0017BAD7 /* BasicListTableViewCell.xib */ = {isa = PBXFileReference; lastKnownFileType = file.xib; path = BasicListTableViewCell.xib; sourceTree = "<group>"; };
/* End PBXFileReference section */

/* Begin PBXFrameworksBuildPhase section */
		B714273022B6C17C0017BAD7 /* Frameworks */ = {
			isa = PBXFrameworksBuildPhase;
			buildActionMask = 2147483647;
			files = (
				B714278A22B6D0140017BAD7 /* PKHUD.framework in Frameworks */,
				B714278B22B6D0140017BAD7 /* ActiveLabel.framework in Frameworks */,
				B714278C22B6D0140017BAD7 /* Moya.framework in Frameworks */,
				B714278D22B6D0140017BAD7 /* ReactiveSwift.framework in Frameworks */,
				B714278E22B6D0140017BAD7 /* RxCocoa.framework in Frameworks */,
				B714279022B6D0140017BAD7 /* Nuke.framework in Frameworks */,
				B714279122B6D0140017BAD7 /* Alamofire.framework in Frameworks */,
				B714279222B6D0140017BAD7 /* SnapKit.framework in Frameworks */,
				B714279322B6D0140017BAD7 /* ReactiveMoya.framework in Frameworks */,
				B714279522B6D0140017BAD7 /* Rswift.framework in Frameworks */,
				B714279622B6D0140017BAD7 /* KeychainAccess.framework in Frameworks */,
				B714279722B6D0140017BAD7 /* SwiftyUserDefaults.framework in Frameworks */,
				B714279822B6D0140017BAD7 /* RxAtomic.framework in Frameworks */,
				B714279922B6D0140017BAD7 /* RxSwift.framework in Frameworks */,
				B714279A22B6D0140017BAD7 /* Device.framework in Frameworks */,
				B714279B22B6D0150017BAD7 /* Result.framework in Frameworks */,
				B714279C22B6D0150017BAD7 /* RxMoya.framework in Frameworks */,
				B714279D22B6D0150017BAD7 /* NSObject_Rx.framework in Frameworks */,
			);
			runOnlyForDeploymentPostprocessing = 0;
		};
		B714274422B6C17E0017BAD7 /* Frameworks */ = {
			isa = PBXFrameworksBuildPhase;
			buildActionMask = 2147483647;
			files = (
			);
			runOnlyForDeploymentPostprocessing = 0;
		};
		B714274F22B6C17E0017BAD7 /* Frameworks */ = {
			isa = PBXFrameworksBuildPhase;
			buildActionMask = 2147483647;
			files = (
			);
			runOnlyForDeploymentPostprocessing = 0;
		};
/* End PBXFrameworksBuildPhase section */

/* Begin PBXGroup section */
		B714272A22B6C17C0017BAD7 = {
			isa = PBXGroup;
			children = (
				B714277522B6D0140017BAD7 /* Frameworks */,
				B714273522B6C17C0017BAD7 /* GitHub */,
				B714274A22B6C17E0017BAD7 /* GitHubTests */,
				B714275522B6C17E0017BAD7 /* GitHubUITests */,
				B714273422B6C17C0017BAD7 /* Products */,
			);
			sourceTree = "<group>";
		};
		B714273422B6C17C0017BAD7 /* Products */ = {
			isa = PBXGroup;
			children = (
				B714273322B6C17C0017BAD7 /* GitHub-dev.app */,
				B714274722B6C17E0017BAD7 /* GitHubTests.xctest */,
				B714275222B6C17E0017BAD7 /* GitHubUITests.xctest */,
			);
			name = Products;
			sourceTree = "<group>";
		};
		B714273522B6C17C0017BAD7 /* GitHub */ = {
			isa = PBXGroup;
			children = (
				B714276722B6C4C60017BAD7 /* App */,
				B714276522B6C4AE0017BAD7 /* Extensions */,
				B714276822B6C4D20017BAD7 /* Networks */,
				B714276622B6C4B40017BAD7 /* Resources */,
				B714276422B6C4A90017BAD7 /* Views */,
				B714276922B6C5370017BAD7 /* Info-dev.plist */,
				B714274222B6C17E0017BAD7 /* Info.plist */,
			);
			path = GitHub;
			sourceTree = "<group>";
		};
		B714274A22B6C17E0017BAD7 /* GitHubTests */ = {
			isa = PBXGroup;
			children = (
				B714274B22B6C17E0017BAD7 /* GitHubTests.swift */,
				B714274D22B6C17E0017BAD7 /* Info.plist */,
			);
			path = GitHubTests;
			sourceTree = "<group>";
		};
		B714275522B6C17E0017BAD7 /* GitHubUITests */ = {
			isa = PBXGroup;
			children = (
				B714275622B6C17E0017BAD7 /* GitHubUITests.swift */,
				B714275822B6C17E0017BAD7 /* Info.plist */,
			);
			path = GitHubUITests;
			sourceTree = "<group>";
		};
		B714276422B6C4A90017BAD7 /* Views */ = {
			isa = PBXGroup;
			children = (
				B71427AF22B6D6710017BAD7 /* Common */,
				B71427B422B6E0420017BAD7 /* Followers */,
				B71427B922B6E11C0017BAD7 /* Following */,
				B71427A622B6D4E50017BAD7 /* Profile */,
				B714276D22B6C5E60017BAD7 /* Splash */,
				B71427A122B6D1550017BAD7 /* TabBar */,
			);
			path = Views;
			sourceTree = "<group>";
		};
		B714276522B6C4AE0017BAD7 /* Extensions */ = {
			isa = PBXGroup;
			children = (
				B714277022B6C69E0017BAD7 /* PKHUD+GitHub.swift */,
				B714277222B6C6C60017BAD7 /* UIVew+GitHub.swift */,
			);
			path = Extensions;
			sourceTree = "<group>";
		};
		B714276622B6C4B40017BAD7 /* Resources */ = {
			isa = PBXGroup;
			children = (
				B714273D22B6C17E0017BAD7 /* Assets.xcassets */,
				B71427B222B6D6F90017BAD7 /* Color.xcassets */,
				B714273F22B6C17E0017BAD7 /* LaunchScreen.storyboard */,
			);
			path = Resources;
			sourceTree = "<group>";
		};
		B714276722B6C4C60017BAD7 /* App */ = {
			isa = PBXGroup;
			children = (
				B714273622B6C17C0017BAD7 /* AppDelegate.swift */,
			);
			path = App;
			sourceTree = "<group>";
		};
		B714276822B6C4D20017BAD7 /* Networks */ = {
			isa = PBXGroup;
			children = (
			);
			path = Networks;
			sourceTree = "<group>";
		};
		B714276D22B6C5E60017BAD7 /* Splash */ = {
			isa = PBXGroup;
			children = (
				B714276E22B6C5F40017BAD7 /* Splash.storyboard */,
				B714276B22B6C5DC0017BAD7 /* SplashViewController.swift */,
			);
			path = Splash;
			sourceTree = "<group>";
		};
		B714277522B6D0140017BAD7 /* Frameworks */ = {
			isa = PBXGroup;
			children = (
				B714277722B6D0140017BAD7 /* ActiveLabel.framework */,
				B714277D22B6D0140017BAD7 /* Alamofire.framework */,
				B714278622B6D0140017BAD7 /* Device.framework */,
				B714278222B6D0140017BAD7 /* KeychainAccess.framework */,
				B714277822B6D0140017BAD7 /* Moya.framework */,
				B714278922B6D0140017BAD7 /* NSObject_Rx.framework */,
				B714277C22B6D0140017BAD7 /* Nuke.framework */,
				B714277622B6D0140017BAD7 /* PKHUD.framework */,
				B714277F22B6D0140017BAD7 /* ReactiveMoya.framework */,
				B714277922B6D0140017BAD7 /* ReactiveSwift.framework */,
				B714278722B6D0140017BAD7 /* Result.framework */,
				B714278122B6D0140017BAD7 /* Rswift.framework */,
				B714278422B6D0140017BAD7 /* RxAtomic.framework */,
				B714278022B6D0140017BAD7 /* RxBlocking.framework */,
				B714277A22B6D0140017BAD7 /* RxCocoa.framework */,
				B714278822B6D0140017BAD7 /* RxMoya.framework */,
				B714278522B6D0140017BAD7 /* RxSwift.framework */,
				B714277B22B6D0140017BAD7 /* RxTest.framework */,
				B714277E22B6D0140017BAD7 /* SnapKit.framework */,
				B714278322B6D0140017BAD7 /* SwiftyUserDefaults.framework */,
			);
			name = Frameworks;
			sourceTree = "<group>";
		};
		B71427A122B6D1550017BAD7 /* TabBar */ = {
			isa = PBXGroup;
			children = (
				B71427A422B6D1700017BAD7 /* TabBar.storyboard */,
				B71427A222B6D1640017BAD7 /* TabBarController.swift */,
			);
			path = TabBar;
			sourceTree = "<group>";
		};
		B71427A622B6D4E50017BAD7 /* Profile */ = {
			isa = PBXGroup;
			children = (
				B71427A722B6D4EE0017BAD7 /* Profile.storyboard */,
				B71427AD22B6D50E0017BAD7 /* ProfileModel.swift */,
				B71427A922B6D4FA0017BAD7 /* ProfileViewController.swift */,
				B71427AB22B6D5080017BAD7 /* ProfileViewModel.swift */,
			);
			path = Profile;
			sourceTree = "<group>";
		};
		B71427AF22B6D6710017BAD7 /* Common */ = {
			isa = PBXGroup;
			children = (
				B71427B022B6D67C0017BAD7 /* IconViiewew.swift */,
				B71427C222B6FE370017BAD7 /* BasicListTableViewCell */,
			);
			path = Common;
			sourceTree = "<group>";
		};
		B71427B422B6E0420017BAD7 /* Followers */ = {
			isa = PBXGroup;
			children = (
				B71427B722B6E0640017BAD7 /* Followers.storyboard */,
				B71427B522B6E04D0017BAD7 /* FollowersViewController.swift */,
			);
			path = Followers;
			sourceTree = "<group>";
		};
		B71427B922B6E11C0017BAD7 /* Following */ = {
			isa = PBXGroup;
			children = (
				B71427BA22B6E1270017BAD7 /* Following.storyboard */,
				B71427BC22B6E1360017BAD7 /* FollowingViewController.swift */,
			);
			path = Following;
			sourceTree = "<group>";
		};
		B71427C222B6FE370017BAD7 /* BasicListTableViewCell */ = {
			isa = PBXGroup;
			children = (
				B71427C022B6FDCE0017BAD7 /* BasicListTableViewCell.swift */,
				B71427C322B6FE3E0017BAD7 /* BasicListTableViewCell.xib */,
			);
			name = BasicListTableViewCell;
			sourceTree = "<group>";
		};
/* End PBXGroup section */

/* Begin PBXNativeTarget section */
		B714273222B6C17C0017BAD7 /* GitHub */ = {
			isa = PBXNativeTarget;
			buildConfigurationList = B714275B22B6C17E0017BAD7 /* Build configuration list for PBXNativeTarget "GitHub" */;
			buildPhases = (
				B714272F22B6C17C0017BAD7 /* Sources */,
				B714273022B6C17C0017BAD7 /* Frameworks */,
				B714273122B6C17C0017BAD7 /* Resources */,
				B714277422B6CE8B0017BAD7 /* Carthage */,
			);
			buildRules = (
			);
			dependencies = (
			);
			name = GitHub;
			productName = GitHub;
			productReference = B714273322B6C17C0017BAD7 /* GitHub-dev.app */;
			productType = "com.apple.product-type.application";
		};
		B714274622B6C17E0017BAD7 /* GitHubTests */ = {
			isa = PBXNativeTarget;
			buildConfigurationList = B714275E22B6C17E0017BAD7 /* Build configuration list for PBXNativeTarget "GitHubTests" */;
			buildPhases = (
				B714274322B6C17E0017BAD7 /* Sources */,
				B714274422B6C17E0017BAD7 /* Frameworks */,
				B714274522B6C17E0017BAD7 /* Resources */,
			);
			buildRules = (
			);
			dependencies = (
				B714274922B6C17E0017BAD7 /* PBXTargetDependency */,
			);
			name = GitHubTests;
			productName = GitHubTests;
			productReference = B714274722B6C17E0017BAD7 /* GitHubTests.xctest */;
			productType = "com.apple.product-type.bundle.unit-test";
		};
		B714275122B6C17E0017BAD7 /* GitHubUITests */ = {
			isa = PBXNativeTarget;
			buildConfigurationList = B714276122B6C17E0017BAD7 /* Build configuration list for PBXNativeTarget "GitHubUITests" */;
			buildPhases = (
				B714274E22B6C17E0017BAD7 /* Sources */,
				B714274F22B6C17E0017BAD7 /* Frameworks */,
				B714275022B6C17E0017BAD7 /* Resources */,
			);
			buildRules = (
			);
			dependencies = (
				B714275422B6C17E0017BAD7 /* PBXTargetDependency */,
			);
			name = GitHubUITests;
			productName = GitHubUITests;
			productReference = B714275222B6C17E0017BAD7 /* GitHubUITests.xctest */;
			productType = "com.apple.product-type.bundle.ui-testing";
		};
/* End PBXNativeTarget section */

/* Begin PBXProject section */
		B714272B22B6C17C0017BAD7 /* Project object */ = {
			isa = PBXProject;
			attributes = {
				LastSwiftUpdateCheck = 1020;
				LastUpgradeCheck = 1020;
				ORGANIZATIONNAME = "築山朋紀";
				TargetAttributes = {
					B714273222B6C17C0017BAD7 = {
						CreatedOnToolsVersion = 10.2.1;
					};
					B714274622B6C17E0017BAD7 = {
						CreatedOnToolsVersion = 10.2.1;
						TestTargetID = B714273222B6C17C0017BAD7;
					};
					B714275122B6C17E0017BAD7 = {
						CreatedOnToolsVersion = 10.2.1;
						TestTargetID = B714273222B6C17C0017BAD7;
					};
				};
			};
			buildConfigurationList = B714272E22B6C17C0017BAD7 /* Build configuration list for PBXProject "GitHub" */;
			compatibilityVersion = "Xcode 9.3";
			developmentRegion = en;
			hasScannedForEncodings = 0;
			knownRegions = (
				en,
				Base,
			);
			mainGroup = B714272A22B6C17C0017BAD7;
			productRefGroup = B714273422B6C17C0017BAD7 /* Products */;
			projectDirPath = "";
			projectRoot = "";
			targets = (
				B714273222B6C17C0017BAD7 /* GitHub */,
				B714274622B6C17E0017BAD7 /* GitHubTests */,
				B714275122B6C17E0017BAD7 /* GitHubUITests */,
			);
		};
/* End PBXProject section */

/* Begin PBXResourcesBuildPhase section */
		B714273122B6C17C0017BAD7 /* Resources */ = {
			isa = PBXResourcesBuildPhase;
			buildActionMask = 2147483647;
			files = (
				B71427B822B6E0640017BAD7 /* Followers.storyboard in Resources */,
				B71427A822B6D4EE0017BAD7 /* Profile.storyboard in Resources */,
				B71427A522B6D1700017BAD7 /* TabBar.storyboard in Resources */,
				B714276A22B6C5370017BAD7 /* Info-dev.plist in Resources */,
				B714274122B6C17E0017BAD7 /* LaunchScreen.storyboard in Resources */,
				B71427B322B6D6F90017BAD7 /* Color.xcassets in Resources */,
				B714273E22B6C17E0017BAD7 /* Assets.xcassets in Resources */,
				B71427BB22B6E1270017BAD7 /* Following.storyboard in Resources */,
				B71427C422B6FE3E0017BAD7 /* BasicListTableViewCell.xib in Resources */,
				B714276F22B6C5F40017BAD7 /* Splash.storyboard in Resources */,
			);
			runOnlyForDeploymentPostprocessing = 0;
		};
		B714274522B6C17E0017BAD7 /* Resources */ = {
			isa = PBXResourcesBuildPhase;
			buildActionMask = 2147483647;
			files = (
			);
			runOnlyForDeploymentPostprocessing = 0;
		};
		B714275022B6C17E0017BAD7 /* Resources */ = {
			isa = PBXResourcesBuildPhase;
			buildActionMask = 2147483647;
			files = (
			);
			runOnlyForDeploymentPostprocessing = 0;
		};
/* End PBXResourcesBuildPhase section */

/* Begin PBXShellScriptBuildPhase section */
		B714277422B6CE8B0017BAD7 /* Carthage */ = {
			isa = PBXShellScriptBuildPhase;
			buildActionMask = 2147483647;
			files = (
			);
			inputFileListPaths = (
			);
			inputPaths = (
				"$(SRCROOT)/Carthage/Build/iOS/ActiveLabel.framework",
				"$(SRCROOT)/Carthage/Build/iOS/Alamofire.framework",
				"$(SRCROOT)/Carthage/Build/iOS/Device.framework",
				"$(SRCROOT)/Carthage/Build/iOS/KeychainAccess.framework",
				"$(SRCROOT)/Carthage/Build/iOS/Moya.framework",
				"$(SRCROOT)/Carthage/Build/iOS/NSObject_Rx.framework",
				"$(SRCROOT)/Carthage/Build/iOS/Nuke.framework",
				"$(SRCROOT)/Carthage/Build/iOS/PKHUD.framework",
				"$(SRCROOT)/Carthage/Build/iOS/ReactiveMoya.framework",
				"$(SRCROOT)/Carthage/Build/iOS/ReactiveSwift.framework",
				"$(SRCROOT)/Carthage/Build/iOS/Result.framework",
				"$(SRCROOT)/Carthage/Build/iOS/Rswift.framework",
				"$(SRCROOT)/Carthage/Build/iOS/RxAtomic.framework",
				"$(SRCROOT)/Carthage/Build/iOS/RxCocoa.framework",
				"$(SRCROOT)/Carthage/Build/iOS/RxMoya.framework",
				"$(SRCROOT)/Carthage/Build/iOS/RxSwift.framework",
				"$(SRCROOT)/Carthage/Build/iOS/SnapKit.framework",
				"$(SRCROOT)/Carthage/Build/iOS/SwiftyUserDefaults.framework",
			);
			name = Carthage;
			outputFileListPaths = (
			);
			outputPaths = (
			);
			runOnlyForDeploymentPostprocessing = 0;
			shellPath = /bin/sh;
			shellScript = "/usr/local/bin/carthage copy-frameworks\n";
		};
/* End PBXShellScriptBuildPhase section */

/* Begin PBXSourcesBuildPhase section */
		B714272F22B6C17C0017BAD7 /* Sources */ = {
			isa = PBXSourcesBuildPhase;
			buildActionMask = 2147483647;
			files = (
				B71427AA22B6D4FA0017BAD7 /* ProfileViewController.swift in Sources */,
				B714273722B6C17C0017BAD7 /* AppDelegate.swift in Sources */,
				B71427B622B6E04D0017BAD7 /* FollowersViewController.swift in Sources */,
				B714276C22B6C5DC0017BAD7 /* SplashViewController.swift in Sources */,
				B714277122B6C69E0017BAD7 /* PKHUD+GitHub.swift in Sources */,
				B71427BD22B6E1360017BAD7 /* FollowingViewController.swift in Sources */,
				B71427B122B6D67C0017BAD7 /* IconViiewew.swift in Sources */,
				B71427A322B6D1640017BAD7 /* TabBarController.swift in Sources */,
				B71427C122B6FDCE0017BAD7 /* BasicListTableViewCell.swift in Sources */,
				B714277322B6C6C60017BAD7 /* UIVew+GitHub.swift in Sources */,
				B71427AC22B6D5080017BAD7 /* ProfileViewModel.swift in Sources */,
				B71427AE22B6D50E0017BAD7 /* ProfileModel.swift in Sources */,
			);
			runOnlyForDeploymentPostprocessing = 0;
		};
		B714274322B6C17E0017BAD7 /* Sources */ = {
			isa = PBXSourcesBuildPhase;
			buildActionMask = 2147483647;
			files = (
				B714274C22B6C17E0017BAD7 /* GitHubTests.swift in Sources */,
			);
			runOnlyForDeploymentPostprocessing = 0;
		};
		B714274E22B6C17E0017BAD7 /* Sources */ = {
			isa = PBXSourcesBuildPhase;
			buildActionMask = 2147483647;
			files = (
				B714275722B6C17E0017BAD7 /* GitHubUITests.swift in Sources */,
			);
			runOnlyForDeploymentPostprocessing = 0;
		};
/* End PBXSourcesBuildPhase section */

/* Begin PBXTargetDependency section */
		B714274922B6C17E0017BAD7 /* PBXTargetDependency */ = {
			isa = PBXTargetDependency;
			target = B714273222B6C17C0017BAD7 /* GitHub */;
			targetProxy = B714274822B6C17E0017BAD7 /* PBXContainerItemProxy */;
		};
		B714275422B6C17E0017BAD7 /* PBXTargetDependency */ = {
			isa = PBXTargetDependency;
			target = B714273222B6C17C0017BAD7 /* GitHub */;
			targetProxy = B714275322B6C17E0017BAD7 /* PBXContainerItemProxy */;
		};
/* End PBXTargetDependency section */

/* Begin PBXVariantGroup section */
		B714273F22B6C17E0017BAD7 /* LaunchScreen.storyboard */ = {
			isa = PBXVariantGroup;
			children = (
				B714274022B6C17E0017BAD7 /* Base */,
			);
			name = LaunchScreen.storyboard;
			path = .;
			sourceTree = "<group>";
		};
/* End PBXVariantGroup section */

/* Begin XCBuildConfiguration section */
		B714275922B6C17E0017BAD7 /* Debug */ = {
			isa = XCBuildConfiguration;
			buildSettings = {
				ALWAYS_SEARCH_USER_PATHS = NO;
				CLANG_ANALYZER_NONNULL = YES;
				CLANG_ANALYZER_NUMBER_OBJECT_CONVERSION = YES_AGGRESSIVE;
				CLANG_CXX_LANGUAGE_STANDARD = "gnu++14";
				CLANG_CXX_LIBRARY = "libc++";
				CLANG_ENABLE_MODULES = YES;
				CLANG_ENABLE_OBJC_ARC = YES;
				CLANG_ENABLE_OBJC_WEAK = YES;
				CLANG_WARN_BLOCK_CAPTURE_AUTORELEASING = YES;
				CLANG_WARN_BOOL_CONVERSION = YES;
				CLANG_WARN_COMMA = YES;
				CLANG_WARN_CONSTANT_CONVERSION = YES;
				CLANG_WARN_DEPRECATED_OBJC_IMPLEMENTATIONS = YES;
				CLANG_WARN_DIRECT_OBJC_ISA_USAGE = YES_ERROR;
				CLANG_WARN_DOCUMENTATION_COMMENTS = YES;
				CLANG_WARN_EMPTY_BODY = YES;
				CLANG_WARN_ENUM_CONVERSION = YES;
				CLANG_WARN_INFINITE_RECURSION = YES;
				CLANG_WARN_INT_CONVERSION = YES;
				CLANG_WARN_NON_LITERAL_NULL_CONVERSION = YES;
				CLANG_WARN_OBJC_IMPLICIT_RETAIN_SELF = YES;
				CLANG_WARN_OBJC_LITERAL_CONVERSION = YES;
				CLANG_WARN_OBJC_ROOT_CLASS = YES_ERROR;
				CLANG_WARN_RANGE_LOOP_ANALYSIS = YES;
				CLANG_WARN_STRICT_PROTOTYPES = YES;
				CLANG_WARN_SUSPICIOUS_MOVE = YES;
				CLANG_WARN_UNGUARDED_AVAILABILITY = YES_AGGRESSIVE;
				CLANG_WARN_UNREACHABLE_CODE = YES;
				CLANG_WARN__DUPLICATE_METHOD_MATCH = YES;
				CODE_SIGN_IDENTITY = "iPhone Developer";
				COPY_PHASE_STRIP = NO;
				DEBUG_INFORMATION_FORMAT = dwarf;
				ENABLE_STRICT_OBJC_MSGSEND = YES;
				ENABLE_TESTABILITY = YES;
				GCC_C_LANGUAGE_STANDARD = gnu11;
				GCC_DYNAMIC_NO_PIC = NO;
				GCC_NO_COMMON_BLOCKS = YES;
				GCC_OPTIMIZATION_LEVEL = 0;
				GCC_PREPROCESSOR_DEFINITIONS = (
					"DEBUG=1",
					"$(inherited)",
				);
				GCC_WARN_64_TO_32_BIT_CONVERSION = YES;
				GCC_WARN_ABOUT_RETURN_TYPE = YES_ERROR;
				GCC_WARN_UNDECLARED_SELECTOR = YES;
				GCC_WARN_UNINITIALIZED_AUTOS = YES_AGGRESSIVE;
				GCC_WARN_UNUSED_FUNCTION = YES;
				GCC_WARN_UNUSED_VARIABLE = YES;
				IPHONEOS_DEPLOYMENT_TARGET = 12.2;
				MTL_ENABLE_DEBUG_INFO = INCLUDE_SOURCE;
				MTL_FAST_MATH = YES;
				ONLY_ACTIVE_ARCH = YES;
				SDKROOT = iphoneos;
				SWIFT_ACTIVE_COMPILATION_CONDITIONS = DEBUG;
				SWIFT_OPTIMIZATION_LEVEL = "-Onone";
			};
			name = Debug;
		};
		B714275A22B6C17E0017BAD7 /* Release */ = {
			isa = XCBuildConfiguration;
			buildSettings = {
				ALWAYS_SEARCH_USER_PATHS = NO;
				CLANG_ANALYZER_NONNULL = YES;
				CLANG_ANALYZER_NUMBER_OBJECT_CONVERSION = YES_AGGRESSIVE;
				CLANG_CXX_LANGUAGE_STANDARD = "gnu++14";
				CLANG_CXX_LIBRARY = "libc++";
				CLANG_ENABLE_MODULES = YES;
				CLANG_ENABLE_OBJC_ARC = YES;
				CLANG_ENABLE_OBJC_WEAK = YES;
				CLANG_WARN_BLOCK_CAPTURE_AUTORELEASING = YES;
				CLANG_WARN_BOOL_CONVERSION = YES;
				CLANG_WARN_COMMA = YES;
				CLANG_WARN_CONSTANT_CONVERSION = YES;
				CLANG_WARN_DEPRECATED_OBJC_IMPLEMENTATIONS = YES;
				CLANG_WARN_DIRECT_OBJC_ISA_USAGE = YES_ERROR;
				CLANG_WARN_DOCUMENTATION_COMMENTS = YES;
				CLANG_WARN_EMPTY_BODY = YES;
				CLANG_WARN_ENUM_CONVERSION = YES;
				CLANG_WARN_INFINITE_RECURSION = YES;
				CLANG_WARN_INT_CONVERSION = YES;
				CLANG_WARN_NON_LITERAL_NULL_CONVERSION = YES;
				CLANG_WARN_OBJC_IMPLICIT_RETAIN_SELF = YES;
				CLANG_WARN_OBJC_LITERAL_CONVERSION = YES;
				CLANG_WARN_OBJC_ROOT_CLASS = YES_ERROR;
				CLANG_WARN_RANGE_LOOP_ANALYSIS = YES;
				CLANG_WARN_STRICT_PROTOTYPES = YES;
				CLANG_WARN_SUSPICIOUS_MOVE = YES;
				CLANG_WARN_UNGUARDED_AVAILABILITY = YES_AGGRESSIVE;
				CLANG_WARN_UNREACHABLE_CODE = YES;
				CLANG_WARN__DUPLICATE_METHOD_MATCH = YES;
				CODE_SIGN_IDENTITY = "iPhone Developer";
				COPY_PHASE_STRIP = NO;
				DEBUG_INFORMATION_FORMAT = "dwarf-with-dsym";
				ENABLE_NS_ASSERTIONS = NO;
				ENABLE_STRICT_OBJC_MSGSEND = YES;
				GCC_C_LANGUAGE_STANDARD = gnu11;
				GCC_NO_COMMON_BLOCKS = YES;
				GCC_WARN_64_TO_32_BIT_CONVERSION = YES;
				GCC_WARN_ABOUT_RETURN_TYPE = YES_ERROR;
				GCC_WARN_UNDECLARED_SELECTOR = YES;
				GCC_WARN_UNINITIALIZED_AUTOS = YES_AGGRESSIVE;
				GCC_WARN_UNUSED_FUNCTION = YES;
				GCC_WARN_UNUSED_VARIABLE = YES;
				IPHONEOS_DEPLOYMENT_TARGET = 12.2;
				MTL_ENABLE_DEBUG_INFO = NO;
				MTL_FAST_MATH = YES;
				SDKROOT = iphoneos;
				SWIFT_COMPILATION_MODE = wholemodule;
				SWIFT_OPTIMIZATION_LEVEL = "-O";
				VALIDATE_PRODUCT = YES;
			};
			name = Release;
		};
		B714275C22B6C17E0017BAD7 /* Debug */ = {
			isa = XCBuildConfiguration;
			buildSettings = {
				ASSETCATALOG_COMPILER_APPICON_NAME = AppIcon;
				CODE_SIGN_STYLE = Automatic;
				FRAMEWORK_SEARCH_PATHS = (
					"$(inherited)",
					"$(PROJECT_DIR)/Carthage/Build/iOS",
				);
				INFOPLIST_FILE = GitHub/Info.plist;
				LD_RUNPATH_SEARCH_PATHS = (
					"$(inherited)",
					"@executable_path/Frameworks",
				);
				PRODUCT_BUNDLE_IDENTIFIER = "com.tomoki-sun.GitHub";
				PRODUCT_NAME = "$(TARGET_NAME)-dev";
				SWIFT_VERSION = 5.0;
				TARGETED_DEVICE_FAMILY = "1,2";
			};
			name = Debug;
		};
		B714275D22B6C17E0017BAD7 /* Release */ = {
			isa = XCBuildConfiguration;
			buildSettings = {
				ASSETCATALOG_COMPILER_APPICON_NAME = AppIcon;
				CODE_SIGN_STYLE = Automatic;
				FRAMEWORK_SEARCH_PATHS = (
					"$(inherited)",
					"$(PROJECT_DIR)/Carthage/Build/iOS",
				);
				INFOPLIST_FILE = GitHub/Info.plist;
				LD_RUNPATH_SEARCH_PATHS = (
					"$(inherited)",
					"@executable_path/Frameworks",
				);
				PRODUCT_BUNDLE_IDENTIFIER = "com.tomoki-sun.GitHub";
				PRODUCT_NAME = "$(TARGET_NAME)";
				SWIFT_VERSION = 5.0;
				TARGETED_DEVICE_FAMILY = "1,2";
			};
			name = Release;
		};
		B714275F22B6C17E0017BAD7 /* Debug */ = {
			isa = XCBuildConfiguration;
			buildSettings = {
				ALWAYS_EMBED_SWIFT_STANDARD_LIBRARIES = YES;
				BUNDLE_LOADER = "$(TEST_HOST)";
				CODE_SIGN_STYLE = Automatic;
				INFOPLIST_FILE = GitHubTests/Info.plist;
				LD_RUNPATH_SEARCH_PATHS = (
					"$(inherited)",
					"@executable_path/Frameworks",
					"@loader_path/Frameworks",
				);
				PRODUCT_BUNDLE_IDENTIFIER = "com.tomoki-sun.GitHubTests";
				PRODUCT_NAME = "$(TARGET_NAME)";
				SWIFT_VERSION = 5.0;
				TARGETED_DEVICE_FAMILY = "1,2";
				TEST_HOST = "$(BUILT_PRODUCTS_DIR)/GitHub.app/GitHub";
			};
			name = Debug;
		};
		B714276022B6C17E0017BAD7 /* Release */ = {
			isa = XCBuildConfiguration;
			buildSettings = {
				ALWAYS_EMBED_SWIFT_STANDARD_LIBRARIES = YES;
				BUNDLE_LOADER = "$(TEST_HOST)";
				CODE_SIGN_STYLE = Automatic;
				INFOPLIST_FILE = GitHubTests/Info.plist;
				LD_RUNPATH_SEARCH_PATHS = (
					"$(inherited)",
					"@executable_path/Frameworks",
					"@loader_path/Frameworks",
				);
				PRODUCT_BUNDLE_IDENTIFIER = "com.tomoki-sun.GitHubTests";
				PRODUCT_NAME = "$(TARGET_NAME)";
				SWIFT_VERSION = 5.0;
				TARGETED_DEVICE_FAMILY = "1,2";
				TEST_HOST = "$(BUILT_PRODUCTS_DIR)/GitHub.app/GitHub";
			};
			name = Release;
		};
		B714276222B6C17E0017BAD7 /* Debug */ = {
			isa = XCBuildConfiguration;
			buildSettings = {
				ALWAYS_EMBED_SWIFT_STANDARD_LIBRARIES = YES;
				CODE_SIGN_STYLE = Automatic;
				INFOPLIST_FILE = GitHubUITests/Info.plist;
				LD_RUNPATH_SEARCH_PATHS = (
					"$(inherited)",
					"@executable_path/Frameworks",
					"@loader_path/Frameworks",
				);
				PRODUCT_BUNDLE_IDENTIFIER = "com.tomoki-sun.GitHubUITests";
				PRODUCT_NAME = "$(TARGET_NAME)";
				SWIFT_VERSION = 5.0;
				TARGETED_DEVICE_FAMILY = "1,2";
				TEST_TARGET_NAME = GitHub;
			};
			name = Debug;
		};
		B714276322B6C17E0017BAD7 /* Release */ = {
			isa = XCBuildConfiguration;
			buildSettings = {
				ALWAYS_EMBED_SWIFT_STANDARD_LIBRARIES = YES;
				CODE_SIGN_STYLE = Automatic;
				INFOPLIST_FILE = GitHubUITests/Info.plist;
				LD_RUNPATH_SEARCH_PATHS = (
					"$(inherited)",
					"@executable_path/Frameworks",
					"@loader_path/Frameworks",
				);
				PRODUCT_BUNDLE_IDENTIFIER = "com.tomoki-sun.GitHubUITests";
				PRODUCT_NAME = "$(TARGET_NAME)";
				SWIFT_VERSION = 5.0;
				TARGETED_DEVICE_FAMILY = "1,2";
				TEST_TARGET_NAME = GitHub;
			};
			name = Release;
		};
/* End XCBuildConfiguration section */

/* Begin XCConfigurationList section */
		B714272E22B6C17C0017BAD7 /* Build configuration list for PBXProject "GitHub" */ = {
			isa = XCConfigurationList;
			buildConfigurations = (
				B714275922B6C17E0017BAD7 /* Debug */,
				B714275A22B6C17E0017BAD7 /* Release */,
			);
			defaultConfigurationIsVisible = 0;
			defaultConfigurationName = Release;
		};
		B714275B22B6C17E0017BAD7 /* Build configuration list for PBXNativeTarget "GitHub" */ = {
			isa = XCConfigurationList;
			buildConfigurations = (
				B714275C22B6C17E0017BAD7 /* Debug */,
				B714275D22B6C17E0017BAD7 /* Release */,
			);
			defaultConfigurationIsVisible = 0;
			defaultConfigurationName = Release;
		};
		B714275E22B6C17E0017BAD7 /* Build configuration list for PBXNativeTarget "GitHubTests" */ = {
			isa = XCConfigurationList;
			buildConfigurations = (
				B714275F22B6C17E0017BAD7 /* Debug */,
				B714276022B6C17E0017BAD7 /* Release */,
			);
			defaultConfigurationIsVisible = 0;
			defaultConfigurationName = Release;
		};
		B714276122B6C17E0017BAD7 /* Build configuration list for PBXNativeTarget "GitHubUITests" */ = {
			isa = XCConfigurationList;
			buildConfigurations = (
				B714276222B6C17E0017BAD7 /* Debug */,
				B714276322B6C17E0017BAD7 /* Release */,
			);
			defaultConfigurationIsVisible = 0;
			defaultConfigurationName = Release;
		};
/* End XCConfigurationList section */
	};
	rootObject = B714272B22B6C17C0017BAD7 /* Project object */;
}
